
Microsoft Visual Studio Solution File, Format Version 12.00
# Visual Studio Version 17
VisualStudioVersion = 17.2.32630.192
MinimumVisualStudioVersion = 10.0.40219.1
Project("{9A19103F-16F7-4668-BE54-9A1E7A4F7556}") = "R5T.T0163.Construction", "R5T.T0163.Construction\R5T.T0163.Construction.csproj", "{04DDA37C-B450-404E-8219-FCE51A4A88CA}"
EndProject
Project("{9A19103F-16F7-4668-BE54-9A1E7A4F7556}") = "R5T.T0163", "R5T.T0163\R5T.T0163.csproj", "{6C8E4692-CEF8-44BA-A387-72B47B57B4E5}"
EndProject
Global
	GlobalSection(SolutionConfigurationPlatforms) = preSolution
		Debug|Any CPU = Debug|Any CPU
		Release|Any CPU = Release|Any CPU
	EndGlobalSection
	GlobalSection(ProjectConfigurationPlatforms) = postSolution
		{04DDA37C-B450-404E-8219-FCE51A4A88CA}.Debug|Any CPU.ActiveCfg = Debug|Any CPU
		{04DDA37C-B450-404E-8219-FCE51A4A88CA}.Debug|Any CPU.Build.0 = Debug|Any CPU
		{04DDA37C-B450-404E-8219-FCE51A4A88CA}.Release|Any CPU.ActiveCfg = Release|Any CPU
		{04DDA37C-B450-404E-8219-FCE51A4A88CA}.Release|Any CPU.Build.0 = Release|Any CPU
		{6C8E4692-CEF8-44BA-A387-72B47B57B4E5}.Debug|Any CPU.ActiveCfg = Debug|Any CPU
		{6C8E4692-CEF8-44BA-A387-72B47B57B4E5}.Debug|Any CPU.Build.0 = Debug|Any CPU
		{6C8E4692-CEF8-44BA-A387-72B47B57B4E5}.Release|Any CPU.ActiveCfg = Release|Any CPU
		{6C8E4692-CEF8-44BA-A387-72B47B57B4E5}.Release|Any CPU.Build.0 = Release|Any CPU
	EndGlobalSection
	GlobalSection(SolutionProperties) = preSolution
		HideSolutionNode = FALSE
	EndGlobalSection
	GlobalSection(ExtensibilityGlobals) = postSolution
		SolutionGuid = {1891B40D-CD9E-4494-B5E4-CD86AD868006}
	EndGlobalSection
EndGlobal
